// !$*UTF8*$!
{
	archiveVersion = 1;
	classes = {
	};
	objectVersion = 46;
	objects = {

/* Begin PBXBuildFile section */
		276908F51B7BCA1D004BD556 /* Encanta.bundle in Resources */ = {isa = PBXBuildFile; fileRef = 276908F41B7BCA1D004BD556 /* Encanta.bundle */; };
		276908F91B7BCA32004BD556 /* Encanta.framework in Frameworks */ = {isa = PBXBuildFile; fileRef = 276908F81B7BCA32004BD556 /* Encanta.framework */; };
		27E0C2621B79387200CE01EA /* AppDelegate.swift in Sources */ = {isa = PBXBuildFile; fileRef = 27E0C2611B79387200CE01EA /* AppDelegate.swift */; };
		27E0C2641B79387200CE01EA /* ViewController.swift in Sources */ = {isa = PBXBuildFile; fileRef = 27E0C2631B79387200CE01EA /* ViewController.swift */; };
		27E0C2671B79387200CE01EA /* Main.storyboard in Resources */ = {isa = PBXBuildFile; fileRef = 27E0C2651B79387200CE01EA /* Main.storyboard */; };
		27E0C2691B79387200CE01EA /* Images.xcassets in Resources */ = {isa = PBXBuildFile; fileRef = 27E0C2681B79387200CE01EA /* Images.xcassets */; };
		27E0C26C1B79387200CE01EA /* LaunchScreen.xib in Resources */ = {isa = PBXBuildFile; fileRef = 27E0C26A1B79387200CE01EA /* LaunchScreen.xib */; };
		27E0C2781B79387200CE01EA /* EncantaDemoTests.swift in Sources */ = {isa = PBXBuildFile; fileRef = 27E0C2771B79387200CE01EA /* EncantaDemoTests.swift */; };
		27E0C2861B7938A300CE01EA /* SystemConfiguration.framework in Frameworks */ = {isa = PBXBuildFile; fileRef = 27E0C2851B7938A300CE01EA /* SystemConfiguration.framework */; };
		27E0C2881B7938A800CE01EA /* AssetsLibrary.framework in Frameworks */ = {isa = PBXBuildFile; fileRef = 27E0C2871B7938A800CE01EA /* AssetsLibrary.framework */; };
		27E0C2B01B793E1E00CE01EA /* libicucore.dylib in Frameworks */ = {isa = PBXBuildFile; fileRef = 27E0C2AF1B793E1E00CE01EA /* libicucore.dylib */; };
		27E0C2B21B793E2400CE01EA /* libc++.dylib in Frameworks */ = {isa = PBXBuildFile; fileRef = 27E0C2B11B793E2400CE01EA /* libc++.dylib */; };
/* End PBXBuildFile section */

/* Begin PBXContainerItemProxy section */
		27E0C2721B79387200CE01EA /* PBXContainerItemProxy */ = {
			isa = PBXContainerItemProxy;
			containerPortal = 27E0C2541B79387200CE01EA /* Project object */;
			proxyType = 1;
			remoteGlobalIDString = 27E0C25B1B79387200CE01EA;
			remoteInfo = EncantaDemo;
		};
/* End PBXContainerItemProxy section */

/* Begin PBXFileReference section */
		276908F41B7BCA1D004BD556 /* Encanta.bundle */ = {isa = PBXFileReference; lastKnownFileType = "wrapper.plug-in"; name = Encanta.bundle; path = ../../../../SDK/Encanta.bundle; sourceTree = "<group>"; };
		276908F81B7BCA32004BD556 /* Encanta.framework */ = {isa = PBXFileReference; lastKnownFileType = wrapper.framework; name = Encanta.framework; path = ../../../../SDK/Encanta.framework; sourceTree = "<group>"; };
		27E0C25C1B79387200CE01EA /* EncantaDemo.app */ = {isa = PBXFileReference; explicitFileType = wrapper.application; includeInIndex = 0; path = EncantaDemo.app; sourceTree = BUILT_PRODUCTS_DIR; };
		27E0C2601B79387200CE01EA /* Info.plist */ = {isa = PBXFileReference; lastKnownFileType = text.plist.xml; path = Info.plist; sourceTree = "<group>"; };
		27E0C2611B79387200CE01EA /* AppDelegate.swift */ = {isa = PBXFileReference; lastKnownFileType = sourcecode.swift; path = AppDelegate.swift; sourceTree = "<group>"; };
		27E0C2631B79387200CE01EA /* ViewController.swift */ = {isa = PBXFileReference; lastKnownFileType = sourcecode.swift; path = ViewController.swift; sourceTree = "<group>"; };
		27E0C2661B79387200CE01EA /* Base */ = {isa = PBXFileReference; lastKnownFileType = file.storyboard; name = Base; path = Base.lproj/Main.storyboard; sourceTree = "<group>"; };
		27E0C2681B79387200CE01EA /* Images.xcassets */ = {isa = PBXFileReference; lastKnownFileType = folder.assetcatalog; path = Images.xcassets; sourceTree = "<group>"; };
		27E0C26B1B79387200CE01EA /* Base */ = {isa = PBXFileReference; lastKnownFileType = file.xib; name = Base; path = Base.lproj/LaunchScreen.xib; sourceTree = "<group>"; };
		27E0C2711B79387200CE01EA /* EncantaDemoTests.xctest */ = {isa = PBXFileReference; explicitFileType = wrapper.cfbundle; includeInIndex = 0; path = EncantaDemoTests.xctest; sourceTree = BUILT_PRODUCTS_DIR; };
		27E0C2761B79387200CE01EA /* Info.plist */ = {isa = PBXFileReference; lastKnownFileType = text.plist.xml; path = Info.plist; sourceTree = "<group>"; };
		27E0C2771B79387200CE01EA /* EncantaDemoTests.swift */ = {isa = PBXFileReference; lastKnownFileType = sourcecode.swift; path = EncantaDemoTests.swift; sourceTree = "<group>"; };
		27E0C2851B7938A300CE01EA /* SystemConfiguration.framework */ = {isa = PBXFileReference; lastKnownFileType = wrapper.framework; name = SystemConfiguration.framework; path = System/Library/Frameworks/SystemConfiguration.framework; sourceTree = SDKROOT; };
		27E0C2871B7938A800CE01EA /* AssetsLibrary.framework */ = {isa = PBXFileReference; lastKnownFileType = wrapper.framework; name = AssetsLibrary.framework; path = System/Library/Frameworks/AssetsLibrary.framework; sourceTree = SDKROOT; };
		27E0C2AF1B793E1E00CE01EA /* libicucore.dylib */ = {isa = PBXFileReference; lastKnownFileType = "compiled.mach-o.dylib"; name = libicucore.dylib; path = usr/lib/libicucore.dylib; sourceTree = SDKROOT; };
		27E0C2B11B793E2400CE01EA /* libc++.dylib */ = {isa = PBXFileReference; lastKnownFileType = "compiled.mach-o.dylib"; name = "libc++.dylib"; path = "usr/lib/libc++.dylib"; sourceTree = SDKROOT; };
		27E0C2B31B793F8700CE01EA /* EncantaDemo-Bridging-Header.h */ = {isa = PBXFileReference; lastKnownFileType = sourcecode.c.h; path = "EncantaDemo-Bridging-Header.h"; sourceTree = "<group>"; };
/* End PBXFileReference section */

/* Begin PBXFrameworksBuildPhase section */
		27E0C2591B79387200CE01EA /* Frameworks */ = {
			isa = PBXFrameworksBuildPhase;
			buildActionMask = 2147483647;
			files = (
				276908F91B7BCA32004BD556 /* Encanta.framework in Frameworks */,
				27E0C2B21B793E2400CE01EA /* libc++.dylib in Frameworks */,
				27E0C2B01B793E1E00CE01EA /* libicucore.dylib in Frameworks */,
				27E0C2881B7938A800CE01EA /* AssetsLibrary.framework in Frameworks */,
				27E0C2861B7938A300CE01EA /* SystemConfiguration.framework in Frameworks */,
			);
			runOnlyForDeploymentPostprocessing = 0;
		};
		27E0C26E1B79387200CE01EA /* Frameworks */ = {
			isa = PBXFrameworksBuildPhase;
			buildActionMask = 2147483647;
			files = (
			);
			runOnlyForDeploymentPostprocessing = 0;
		};
/* End PBXFrameworksBuildPhase section */

/* Begin PBXGroup section */
		27E0C2531B79387200CE01EA = {
			isa = PBXGroup;
			children = (
				27E0C2B11B793E2400CE01EA /* libc++.dylib */,
				27E0C2AF1B793E1E00CE01EA /* libicucore.dylib */,
				27E0C2871B7938A800CE01EA /* AssetsLibrary.framework */,
				27E0C2851B7938A300CE01EA /* SystemConfiguration.framework */,
				27E0C25E1B79387200CE01EA /* EncantaDemo */,
				27E0C2741B79387200CE01EA /* EncantaDemoTests */,
				27E0C25D1B79387200CE01EA /* Products */,
				EA07F6EEFA86DF76BF9340D6 /* Frameworks */,
			);
			sourceTree = "<group>";
		};
		27E0C25D1B79387200CE01EA /* Products */ = {
			isa = PBXGroup;
			children = (
				27E0C25C1B79387200CE01EA /* EncantaDemo.app */,
				27E0C2711B79387200CE01EA /* EncantaDemoTests.xctest */,
			);
			name = Products;
			sourceTree = "<group>";
		};
		27E0C25E1B79387200CE01EA /* EncantaDemo */ = {
			isa = PBXGroup;
			children = (
				27E0C2B41B79401400CE01EA /* Encanta */,
				27E0C2611B79387200CE01EA /* AppDelegate.swift */,
				27E0C2631B79387200CE01EA /* ViewController.swift */,
				27E0C2651B79387200CE01EA /* Main.storyboard */,
				27E0C2681B79387200CE01EA /* Images.xcassets */,
				27E0C26A1B79387200CE01EA /* LaunchScreen.xib */,
				27E0C25F1B79387200CE01EA /* Supporting Files */,
				27E0C2B31B793F8700CE01EA /* EncantaDemo-Bridging-Header.h */,
			);
			path = EncantaDemo;
			sourceTree = "<group>";
		};
		27E0C25F1B79387200CE01EA /* Supporting Files */ = {
			isa = PBXGroup;
			children = (
				27E0C2601B79387200CE01EA /* Info.plist */,
			);
			name = "Supporting Files";
			sourceTree = "<group>";
		};
		27E0C2741B79387200CE01EA /* EncantaDemoTests */ = {
			isa = PBXGroup;
			children = (
				27E0C2771B79387200CE01EA /* EncantaDemoTests.swift */,
				27E0C2751B79387200CE01EA /* Supporting Files */,
			);
			path = EncantaDemoTests;
			sourceTree = "<group>";
		};
		27E0C2751B79387200CE01EA /* Supporting Files */ = {
			isa = PBXGroup;
			children = (
				27E0C2761B79387200CE01EA /* Info.plist */,
			);
			name = "Supporting Files";
			sourceTree = "<group>";
		};
		27E0C2B41B79401400CE01EA /* Encanta */ = {
			isa = PBXGroup;
			children = (
				276908F81B7BCA32004BD556 /* Encanta.framework */,
				276908F41B7BCA1D004BD556 /* Encanta.bundle */,
			);
			name = Encanta;
			sourceTree = "<group>";
		};
		EA07F6EEFA86DF76BF9340D6 /* Frameworks */ = {
			isa = PBXGroup;
			children = (
			);
			name = Frameworks;
			sourceTree = "<group>";
		};
/* End PBXGroup section */

/* Begin PBXNativeTarget section */
		27E0C25B1B79387200CE01EA /* EncantaDemo */ = {
			isa = PBXNativeTarget;
			buildConfigurationList = 27E0C27B1B79387200CE01EA /* Build configuration list for PBXNativeTarget "EncantaDemo" */;
			buildPhases = (
				27E0C2581B79387200CE01EA /* Sources */,
				27E0C2591B79387200CE01EA /* Frameworks */,
				27E0C25A1B79387200CE01EA /* Resources */,
			);
			buildRules = (
			);
			dependencies = (
			);
			name = EncantaDemo;
			productName = EncantaDemo;
			productReference = 27E0C25C1B79387200CE01EA /* EncantaDemo.app */;
			productType = "com.apple.product-type.application";
		};
		27E0C2701B79387200CE01EA /* EncantaDemoTests */ = {
			isa = PBXNativeTarget;
			buildConfigurationList = 27E0C27E1B79387200CE01EA /* Build configuration list for PBXNativeTarget "EncantaDemoTests" */;
			buildPhases = (
				27E0C26D1B79387200CE01EA /* Sources */,
				27E0C26E1B79387200CE01EA /* Frameworks */,
				27E0C26F1B79387200CE01EA /* Resources */,
			);
			buildRules = (
			);
			dependencies = (
				27E0C2731B79387200CE01EA /* PBXTargetDependency */,
			);
			name = EncantaDemoTests;
			productName = EncantaDemoTests;
			productReference = 27E0C2711B79387200CE01EA /* EncantaDemoTests.xctest */;
			productType = "com.apple.product-type.bundle.unit-test";
		};
/* End PBXNativeTarget section */

/* Begin PBXProject section */
		27E0C2541B79387200CE01EA /* Project object */ = {
			isa = PBXProject;
			attributes = {
				LastUpgradeCheck = 0640;
				ORGANIZATIONNAME = Citrix;
				TargetAttributes = {
					27E0C25B1B79387200CE01EA = {
						CreatedOnToolsVersion = 6.4;
					};
					27E0C2701B79387200CE01EA = {
						CreatedOnToolsVersion = 6.4;
						TestTargetID = 27E0C25B1B79387200CE01EA;
					};
				};
			};
			buildConfigurationList = 27E0C2571B79387200CE01EA /* Build configuration list for PBXProject "EncantaDemo" */;
			compatibilityVersion = "Xcode 3.2";
			developmentRegion = English;
			hasScannedForEncodings = 0;
			knownRegions = (
				en,
				Base,
			);
			mainGroup = 27E0C2531B79387200CE01EA;
			productRefGroup = 27E0C25D1B79387200CE01EA /* Products */;
			projectDirPath = "";
			projectRoot = "";
			targets = (
				27E0C25B1B79387200CE01EA /* EncantaDemo */,
				27E0C2701B79387200CE01EA /* EncantaDemoTests */,
			);
		};
/* End PBXProject section */

/* Begin PBXResourcesBuildPhase section */
		27E0C25A1B79387200CE01EA /* Resources */ = {
			isa = PBXResourcesBuildPhase;
			buildActionMask = 2147483647;
			files = (
				27E0C2671B79387200CE01EA /* Main.storyboard in Resources */,
				27E0C26C1B79387200CE01EA /* LaunchScreen.xib in Resources */,
				276908F51B7BCA1D004BD556 /* Encanta.bundle in Resources */,
				27E0C2691B79387200CE01EA /* Images.xcassets in Resources */,
			);
			runOnlyForDeploymentPostprocessing = 0;
		};
		27E0C26F1B79387200CE01EA /* Resources */ = {
			isa = PBXResourcesBuildPhase;
			buildActionMask = 2147483647;
			files = (
			);
			runOnlyForDeploymentPostprocessing = 0;
		};
/* End PBXResourcesBuildPhase section */

/* Begin PBXSourcesBuildPhase section */
		27E0C2581B79387200CE01EA /* Sources */ = {
			isa = PBXSourcesBuildPhase;
			buildActionMask = 2147483647;
			files = (
				27E0C2641B79387200CE01EA /* ViewController.swift in Sources */,
				27E0C2621B79387200CE01EA /* AppDelegate.swift in Sources */,
			);
			runOnlyForDeploymentPostprocessing = 0;
		};
		27E0C26D1B79387200CE01EA /* Sources */ = {
			isa = PBXSourcesBuildPhase;
			buildActionMask = 2147483647;
			files = (
				27E0C2781B79387200CE01EA /* EncantaDemoTests.swift in Sources */,
			);
			runOnlyForDeploymentPostprocessing = 0;
		};
/* End PBXSourcesBuildPhase section */

/* Begin PBXTargetDependency section */
		27E0C2731B79387200CE01EA /* PBXTargetDependency */ = {
			isa = PBXTargetDependency;
			target = 27E0C25B1B79387200CE01EA /* EncantaDemo */;
			targetProxy = 27E0C2721B79387200CE01EA /* PBXContainerItemProxy */;
		};
/* End PBXTargetDependency section */

/* Begin PBXVariantGroup section */
		27E0C2651B79387200CE01EA /* Main.storyboard */ = {
			isa = PBXVariantGroup;
			children = (
				27E0C2661B79387200CE01EA /* Base */,
			);
			name = Main.storyboard;
			sourceTree = "<group>";
		};
		27E0C26A1B79387200CE01EA /* LaunchScreen.xib */ = {
			isa = PBXVariantGroup;
			children = (
				27E0C26B1B79387200CE01EA /* Base */,
			);
			name = LaunchScreen.xib;
			sourceTree = "<group>";
		};
/* End PBXVariantGroup section */

/* Begin XCBuildConfiguration section */
		27E0C2791B79387200CE01EA /* Debug */ = {
			isa = XCBuildConfiguration;
			buildSettings = {
				ALWAYS_SEARCH_USER_PATHS = NO;
				CLANG_CXX_LANGUAGE_STANDARD = "gnu++0x";
				CLANG_CXX_LIBRARY = "libc++";
				CLANG_ENABLE_MODULES = YES;
				CLANG_ENABLE_OBJC_ARC = YES;
				CLANG_WARN_BOOL_CONVERSION = YES;
				CLANG_WARN_CONSTANT_CONVERSION = YES;
				CLANG_WARN_DIRECT_OBJC_ISA_USAGE = YES_ERROR;
				CLANG_WARN_EMPTY_BODY = YES;
				CLANG_WARN_ENUM_CONVERSION = YES;
				CLANG_WARN_INT_CONVERSION = YES;
				CLANG_WARN_OBJC_ROOT_CLASS = YES_ERROR;
				CLANG_WARN_UNREACHABLE_CODE = YES;
				CLANG_WARN__DUPLICATE_METHOD_MATCH = YES;
				"CODE_SIGN_IDENTITY[sdk=iphoneos*]" = "iPhone Developer";
				COPY_PHASE_STRIP = NO;
				DEBUG_INFORMATION_FORMAT = "dwarf-with-dsym";
				ENABLE_STRICT_OBJC_MSGSEND = YES;
				GCC_C_LANGUAGE_STANDARD = gnu99;
				GCC_DYNAMIC_NO_PIC = NO;
				GCC_NO_COMMON_BLOCKS = YES;
				GCC_OPTIMIZATION_LEVEL = 0;
				GCC_PREPROCESSOR_DEFINITIONS = (
					"DEBUG=1",
					"$(inherited)",
				);
				GCC_SYMBOLS_PRIVATE_EXTERN = NO;
				GCC_WARN_64_TO_32_BIT_CONVERSION = YES;
				GCC_WARN_ABOUT_RETURN_TYPE = YES_ERROR;
				GCC_WARN_UNDECLARED_SELECTOR = YES;
				GCC_WARN_UNINITIALIZED_AUTOS = YES_AGGRESSIVE;
				GCC_WARN_UNUSED_FUNCTION = YES;
				GCC_WARN_UNUSED_VARIABLE = YES;
				IPHONEOS_DEPLOYMENT_TARGET = 8.4;
				MTL_ENABLE_DEBUG_INFO = YES;
				ONLY_ACTIVE_ARCH = YES;
				SDKROOT = iphoneos;
				SWIFT_OPTIMIZATION_LEVEL = "-Onone";
			};
			name = Debug;
		};
		27E0C27A1B79387200CE01EA /* Release */ = {
			isa = XCBuildConfiguration;
			buildSettings = {
				ALWAYS_SEARCH_USER_PATHS = NO;
				CLANG_CXX_LANGUAGE_STANDARD = "gnu++0x";
				CLANG_CXX_LIBRARY = "libc++";
				CLANG_ENABLE_MODULES = YES;
				CLANG_ENABLE_OBJC_ARC = YES;
				CLANG_WARN_BOOL_CONVERSION = YES;
				CLANG_WARN_CONSTANT_CONVERSION = YES;
				CLANG_WARN_DIRECT_OBJC_ISA_USAGE = YES_ERROR;
				CLANG_WARN_EMPTY_BODY = YES;
				CLANG_WARN_ENUM_CONVERSION = YES;
				CLANG_WARN_INT_CONVERSION = YES;
				CLANG_WARN_OBJC_ROOT_CLASS = YES_ERROR;
				CLANG_WARN_UNREACHABLE_CODE = YES;
				CLANG_WARN__DUPLICATE_METHOD_MATCH = YES;
				"CODE_SIGN_IDENTITY[sdk=iphoneos*]" = "iPhone Developer";
				COPY_PHASE_STRIP = NO;
				DEBUG_INFORMATION_FORMAT = "dwarf-with-dsym";
				ENABLE_NS_ASSERTIONS = NO;
				ENABLE_STRICT_OBJC_MSGSEND = YES;
				GCC_C_LANGUAGE_STANDARD = gnu99;
				GCC_NO_COMMON_BLOCKS = YES;
				GCC_WARN_64_TO_32_BIT_CONVERSION = YES;
				GCC_WARN_ABOUT_RETURN_TYPE = YES_ERROR;
				GCC_WARN_UNDECLARED_SELECTOR = YES;
				GCC_WARN_UNINITIALIZED_AUTOS = YES_AGGRESSIVE;
				GCC_WARN_UNUSED_FUNCTION = YES;
				GCC_WARN_UNUSED_VARIABLE = YES;
				IPHONEOS_DEPLOYMENT_TARGET = 8.4;
				MTL_ENABLE_DEBUG_INFO = NO;
				SDKROOT = iphoneos;
				VALIDATE_PRODUCT = YES;
			};
			name = Release;
		};
		27E0C27C1B79387200CE01EA /* Debug */ = {
			isa = XCBuildConfiguration;
			buildSettings = {
				ASSETCATALOG_COMPILER_APPICON_NAME = AppIcon;
				FRAMEWORK_SEARCH_PATHS = (
					"$(inherited)",
					"$(PROJECT_DIR)/../../../SDK",
				);
				INFOPLIST_FILE = EncantaDemo/Info.plist;
				LD_RUNPATH_SEARCH_PATHS = "$(inherited) @executable_path/Frameworks";
				OTHER_LDFLAGS = "-ObjC";
				PRODUCT_NAME = "$(TARGET_NAME)";
				SWIFT_OBJC_BRIDGING_HEADER = "$(PROJECT_DIR)/EncantaDemo/EncantaDemo-Bridging-Header.h";
			};
			name = Debug;
		};
		27E0C27D1B79387200CE01EA /* Release */ = {
			isa = XCBuildConfiguration;
			buildSettings = {
				ASSETCATALOG_COMPILER_APPICON_NAME = AppIcon;
				FRAMEWORK_SEARCH_PATHS = (
					"$(inherited)",
					"$(PROJECT_DIR)/../../../SDK",
				);
				INFOPLIST_FILE = EncantaDemo/Info.plist;
				LD_RUNPATH_SEARCH_PATHS = "$(inherited) @executable_path/Frameworks";
				OTHER_LDFLAGS = "-ObjC";
				PRODUCT_NAME = "$(TARGET_NAME)";
				SWIFT_OBJC_BRIDGING_HEADER = "$(PROJECT_DIR)/EncantaDemo/EncantaDemo-Bridging-Header.h";
			};
			name = Release;
		};
		27E0C27F1B79387200CE01EA /* Debug */ = {
			isa = XCBuildConfiguration;
			buildSettings = {
				BUNDLE_LOADER = "$(TEST_HOST)";
				FRAMEWORK_SEARCH_PATHS = (
					"$(SDKROOT)/Developer/Library/Frameworks",
					"$(inherited)",
				);
				GCC_PREPROCESSOR_DEFINITIONS = (
					"DEBUG=1",
					"$(inherited)",
				);
				INFOPLIST_FILE = EncantaDemoTests/Info.plist;
				LD_RUNPATH_SEARCH_PATHS = "$(inherited) @executable_path/Frameworks @loader_path/Frameworks";
				PRODUCT_NAME = "$(TARGET_NAME)";
				TEST_HOST = "$(BUILT_PRODUCTS_DIR)/EncantaDemo.app/EncantaDemo";
			};
			name = Debug;
		};
		27E0C2801B79387200CE01EA /* Release */ = {
			isa = XCBuildConfiguration;
			buildSettings = {
				BUNDLE_LOADER = "$(TEST_HOST)";
				FRAMEWORK_SEARCH_PATHS = (
					"$(SDKROOT)/Developer/Library/Frameworks",
					"$(inherited)",
				);
				INFOPLIST_FILE = EncantaDemoTests/Info.plist;
				LD_RUNPATH_SEARCH_PATHS = "$(inherited) @executable_path/Frameworks @loader_path/Frameworks";
				PRODUCT_NAME = "$(TARGET_NAME)";
				TEST_HOST = "$(BUILT_PRODUCTS_DIR)/EncantaDemo.app/EncantaDemo";
			};
			name = Release;
		};
/* End XCBuildConfiguration section */

/* Begin XCConfigurationList section */
		27E0C2571B79387200CE01EA /* Build configuration list for PBXProject "EncantaDemo" */ = {
			isa = XCConfigurationList;
			buildConfigurations = (
				27E0C2791B79387200CE01EA /* Debug */,
				27E0C27A1B79387200CE01EA /* Release */,
			);
			defaultConfigurationIsVisible = 0;
			defaultConfigurationName = Release;
		};
		27E0C27B1B79387200CE01EA /* Build configuration list for PBXNativeTarget "EncantaDemo" */ = {
			isa = XCConfigurationList;
			buildConfigurations = (
				27E0C27C1B79387200CE01EA /* Debug */,
				27E0C27D1B79387200CE01EA /* Release */,
			);
			defaultConfigurationIsVisible = 0;
			defaultConfigurationName = Release;
		};
		27E0C27E1B79387200CE01EA /* Build configuration list for PBXNativeTarget "EncantaDemoTests" */ = {
			isa = XCConfigurationList;
			buildConfigurations = (
				27E0C27F1B79387200CE01EA /* Debug */,
				27E0C2801B79387200CE01EA /* Release */,
			);
			defaultConfigurationIsVisible = 0;
			defaultConfigurationName = Release;
		};
/* End XCConfigurationList section */
	};
	rootObject = 27E0C2541B79387200CE01EA /* Project object */;
}
